// !$*UTF8*$!
{
	archiveVersion = 1;
	classes = {};
	objectVersion = 56;
	objects = {

/* Begin PBXBuildFile section */
		A10000000000000000000001 /* GymChecklistApp.swift in Sources */ = {isa = PBXBuildFile; fileRef = A20000000000000000000001 /* GymChecklistApp.swift */; };
		A10000000000000000000002 /* ContentView.swift in Sources */ = {isa = PBXBuildFile; fileRef = A20000000000000000000002 /* ContentView.swift */; };
		A10000000000000000000003 /* DomainRulesTests.swift in Sources */ = {isa = PBXBuildFile; fileRef = A20000000000000000000003 /* DomainRulesTests.swift */; };
		A10000000000000000000004 /* XCTest.framework in Frameworks */ = {isa = PBXBuildFile; fileRef = A20000000000000000000006 /* XCTest.framework */; };
		A10000000000000000000005 /* GymChecklistUITests.swift in Sources */ = {isa = PBXBuildFile; fileRef = A20000000000000000000004 /* GymChecklistUITests.swift */; };
		A10000000000000000000006 /* XCTest.framework in Frameworks */ = {isa = PBXBuildFile; fileRef = A20000000000000000000006 /* XCTest.framework */; };
		A10000000000000000000007 /* TodayView.swift in Sources */ = {isa = PBXBuildFile; fileRef = A20000000000000000000021 /* TodayView.swift */; };
		A10000000000000000000008 /* ProgramView.swift in Sources */ = {isa = PBXBuildFile; fileRef = A20000000000000000000022 /* ProgramView.swift */; };
		A10000000000000000000009 /* SettingsView.swift in Sources */ = {isa = PBXBuildFile; fileRef = A20000000000000000000023 /* SettingsView.swift */; };

		D10000000000000000000001 /* DomainModels.swift in Sources */ = {isa = PBXBuildFile; fileRef = D20000000000000000000001 /* DomainModels.swift */; };
		D10000000000000000000002 /* WorkoutRules.swift in Sources */ = {isa = PBXBuildFile; fileRef = D20000000000000000000002 /* WorkoutRules.swift */; };
		D10000000000000000000003 /* LocalDate.swift in Sources */ = {isa = PBXBuildFile; fileRef = D20000000000000000000003 /* LocalDate.swift */; };
		D10000000000000000000004 /* SetDisplayFormatter.swift in Sources */ = {isa = PBXBuildFile; fileRef = D20000000000000000000004 /* SetDisplayFormatter.swift */; };
		E10000000000000000000001 /* SystemExerciseCatalog.swift in Sources */ = {isa = PBXBuildFile; fileRef = E20000000000000000000001 /* SystemExerciseCatalog.swift */; };
		F10000000000000000000001 /* LocalExerciseLibrary.swift in Sources */ = {isa = PBXBuildFile; fileRef = F20000000000000000000001 /* LocalExerciseLibrary.swift */; };
		G10000000000000000000001 /* ProgramCalendarState.swift in Sources */ = {isa = PBXBuildFile; fileRef = G20000000000000000000001 /* ProgramCalendarState.swift */; };
		H10000000000000000000001 /* WorkoutRepository.swift in Sources */ = {isa = PBXBuildFile; fileRef = H20000000000000000000001 /* WorkoutRepository.swift */; };
		I10000000000000000000001 /* InMemoryWorkoutRepository.swift in Sources */ = {isa = PBXBuildFile; fileRef = I20000000000000000000001 /* InMemoryWorkoutRepository.swift */; };
		J10000000000000000000001 /* WorkoutViewModel.swift in Sources */ = {isa = PBXBuildFile; fileRef = J20000000000000000000001 /* WorkoutViewModel.swift */; };
		K10000000000000000000001 /* ExercisePickerView.swift in Sources */ = {isa = PBXBuildFile; fileRef = K20000000000000000000001 /* ExercisePickerView.swift */; };
		L10000000000000000000001 /* FirebaseBootstrap.swift in Sources */ = {isa = PBXBuildFile; fileRef = L20000000000000000000001 /* FirebaseBootstrap.swift */; };
		M10000000000000000000001 /* FirebaseCore in Frameworks */ = {isa = PBXBuildFile; productRef = M20000000000000000000001 /* FirebaseCore */; };
		M10000000000000000000002 /* FirebaseAuth in Frameworks */ = {isa = PBXBuildFile; productRef = M20000000000000000000002 /* FirebaseAuth */; };
		M10000000000000000000003 /* FirebaseFirestore in Frameworks */ = {isa = PBXBuildFile; productRef = M20000000000000000000003 /* FirebaseFirestore */; };
		N10000000000000000000001 /* FirestoreMapping.swift in Sources */ = {isa = PBXBuildFile; fileRef = N20000000000000000000001 /* FirestoreMapping.swift */; };
		N10000000000000000000002 /* InMemoryUserDataRepositories.swift in Sources */ = {isa = PBXBuildFile; fileRef = N20000000000000000000002 /* InMemoryUserDataRepositories.swift */; };
/* End PBXBuildFile section */

/* Begin PBXContainerItemProxy section */
		A30000000000000000000001 = {isa = PBXContainerItemProxy; containerPortal = A40000000000000000000001 /* Project object */; proxyType = 1; remoteGlobalIDString = A50000000000000000000001; remoteInfo = GymChecklist; };
		A30000000000000000000002 = {isa = PBXContainerItemProxy; containerPortal = A40000000000000000000001 /* Project object */; proxyType = 1; remoteGlobalIDString = A50000000000000000000001; remoteInfo = GymChecklist; };
/* End PBXContainerItemProxy section */

/* Begin PBXFileReference section */
		A20000000000000000000001 /* GymChecklistApp.swift */ = {isa = PBXFileReference; lastKnownFileType = sourcecode.swift; path = GymChecklistApp.swift; sourceTree = "<group>"; };
		A20000000000000000000002 /* ContentView.swift */ = {isa = PBXFileReference; lastKnownFileType = sourcecode.swift; path = ContentView.swift; sourceTree = "<group>"; };
		A20000000000000000000003 /* DomainRulesTests.swift */ = {isa = PBXFileReference; lastKnownFileType = sourcecode.swift; path = DomainRulesTests.swift; sourceTree = "<group>"; };
		A20000000000000000000004 /* GymChecklistUITests.swift */ = {isa = PBXFileReference; lastKnownFileType = sourcecode.swift; path = GymChecklistUITests.swift; sourceTree = "<group>"; };
		A20000000000000000000005 /* GymChecklist.app */ = {isa = PBXFileReference; explicitFileType = wrapper.application; includeInIndex = 0; path = GymChecklist.app; sourceTree = BUILT_PRODUCTS_DIR; };
		A20000000000000000000006 /* XCTest.framework */ = {isa = PBXFileReference; lastKnownFileType = wrapper.framework; name = XCTest.framework; path = System/Library/Frameworks/XCTest.framework; sourceTree = SDKROOT; };
		A20000000000000000000007 /* GymChecklistTests.xctest */ = {isa = PBXFileReference; explicitFileType = wrapper.cfbundle; includeInIndex = 0; path = GymChecklistTests.xctest; sourceTree = BUILT_PRODUCTS_DIR; };
		A20000000000000000000008 /* GymChecklistUITests.xctest */ = {isa = PBXFileReference; explicitFileType = wrapper.cfbundle; includeInIndex = 0; path = GymChecklistUITests.xctest; sourceTree = BUILT_PRODUCTS_DIR; };
		A20000000000000000000021 /* TodayView.swift */ = {isa = PBXFileReference; lastKnownFileType = sourcecode.swift; path = TodayView.swift; sourceTree = "<group>"; };
		A20000000000000000000022 /* ProgramView.swift */ = {isa = PBXFileReference; lastKnownFileType = sourcecode.swift; path = ProgramView.swift; sourceTree = "<group>"; };
		A20000000000000000000023 /* SettingsView.swift */ = {isa = PBXFileReference; lastKnownFileType = sourcecode.swift; path = SettingsView.swift; sourceTree = "<group>"; };

		D20000000000000000000001 /* DomainModels.swift */ = {isa = PBXFileReference; lastKnownFileType = sourcecode.swift; path = DomainModels.swift; sourceTree = "<group>"; };
		D20000000000000000000002 /* WorkoutRules.swift */ = {isa = PBXFileReference; lastKnownFileType = sourcecode.swift; path = WorkoutRules.swift; sourceTree = "<group>"; };
		D20000000000000000000003 /* LocalDate.swift */ = {isa = PBXFileReference; lastKnownFileType = sourcecode.swift; path = LocalDate.swift; sourceTree = "<group>"; };
		D20000000000000000000004 /* SetDisplayFormatter.swift */ = {isa = PBXFileReference; lastKnownFileType = sourcecode.swift; path = SetDisplayFormatter.swift; sourceTree = "<group>"; };
		E20000000000000000000001 /* SystemExerciseCatalog.swift */ = {isa = PBXFileReference; lastKnownFileType = sourcecode.swift; path = SystemExerciseCatalog.swift; sourceTree = "<group>"; };
		F20000000000000000000001 /* LocalExerciseLibrary.swift */ = {isa = PBXFileReference; lastKnownFileType = sourcecode.swift; path = LocalExerciseLibrary.swift; sourceTree = "<group>"; };
		G20000000000000000000001 /* ProgramCalendarState.swift */ = {isa = PBXFileReference; lastKnownFileType = sourcecode.swift; path = ProgramCalendarState.swift; sourceTree = "<group>"; };
		H20000000000000000000001 /* WorkoutRepository.swift */ = {isa = PBXFileReference; lastKnownFileType = sourcecode.swift; path = WorkoutRepository.swift; sourceTree = "<group>"; };
		I20000000000000000000001 /* InMemoryWorkoutRepository.swift */ = {isa = PBXFileReference; lastKnownFileType = sourcecode.swift; path = InMemoryWorkoutRepository.swift; sourceTree = "<group>"; };
		J20000000000000000000001 /* WorkoutViewModel.swift */ = {isa = PBXFileReference; lastKnownFileType = sourcecode.swift; path = WorkoutViewModel.swift; sourceTree = "<group>"; };
		K20000000000000000000001 /* ExercisePickerView.swift */ = {isa = PBXFileReference; lastKnownFileType = sourcecode.swift; path = ExercisePickerView.swift; sourceTree = "<group>"; };
		L20000000000000000000001 /* FirebaseBootstrap.swift */ = {isa = PBXFileReference; lastKnownFileType = sourcecode.swift; path = FirebaseBootstrap.swift; sourceTree = "<group>"; };
		N20000000000000000000001 /* FirestoreMapping.swift */ = {isa = PBXFileReference; lastKnownFileType = sourcecode.swift; path = FirestoreMapping.swift; sourceTree = "<group>"; };
		N20000000000000000000002 /* InMemoryUserDataRepositories.swift */ = {isa = PBXFileReference; lastKnownFileType = sourcecode.swift; path = InMemoryUserDataRepositories.swift; sourceTree = "<group>"; };
/* End PBXFileReference section */

/* Begin PBXFrameworksBuildPhase section */
		A60000000000000000000001 = {isa = PBXFrameworksBuildPhase; buildActionMask = 2147483647; files = (M10000000000000000000001 /* FirebaseCore in Frameworks */, M10000000000000000000002 /* FirebaseAuth in Frameworks */, M10000000000000000000003 /* FirebaseFirestore in Frameworks */,); runOnlyForDeploymentPostprocessing = 0; };
		A60000000000000000000002 = {isa = PBXFrameworksBuildPhase; buildActionMask = 2147483647; files = (A10000000000000000000004 /* XCTest.framework in Frameworks */,); runOnlyForDeploymentPostprocessing = 0; };
		A60000000000000000000003 = {isa = PBXFrameworksBuildPhase; buildActionMask = 2147483647; files = (A10000000000000000000006 /* XCTest.framework in Frameworks */,); runOnlyForDeploymentPostprocessing = 0; };
/* End PBXFrameworksBuildPhase section */

/* Begin PBXGroup section */
		A70000000000000000000001 = {isa = PBXGroup; children = (A70000000000000000000002 /* GymChecklist */, A70000000000000000000003 /* GymChecklistTests */, A70000000000000000000004 /* GymChecklistUITests */, A70000000000000000000005 /* Frameworks */, A70000000000000000000006 /* Products */,); sourceTree = "<group>"; };
		A70000000000000000000002 /* GymChecklist */ = {isa = PBXGroup; children = (A70000000000000000000007 /* App */, A70000000000000000000008 /* Features */, A70000000000000000000009 /* Core */, A7000000000000000000000A /* Data */, A7000000000000000000000B /* Services */,); path = GymChecklist; sourceTree = "<group>"; };
		A70000000000000000000007 /* App */ = {isa = PBXGroup; children = (A20000000000000000000001 /* GymChecklistApp.swift */, A20000000000000000000002 /* ContentView.swift */, J20000000000000000000001 /* WorkoutViewModel.swift */,); path = App; sourceTree = "<group>"; };
		A70000000000000000000008 /* Features */ = {isa = PBXGroup; children = (A7000000000000000000000C /* Auth */, A7000000000000000000000D /* Today */, A7000000000000000000000E /* Program */, A7000000000000000000000F /* Exercises */, A70000000000000000000010 /* Settings */,); path = Features; sourceTree = "<group>"; };
		A70000000000000000000009 /* Core */ = {isa = PBXGroup; children = (A70000000000000000000011 /* Models */, A70000000000000000000012 /* UI */, A70000000000000000000013 /* Utilities */,); path = Core; sourceTree = "<group>"; };
		A7000000000000000000000A /* Data */ = {isa = PBXGroup; children = (A70000000000000000000014 /* Repositories */, A70000000000000000000015 /* Firebase */, A70000000000000000000016 /* Local */,); path = Data; sourceTree = "<group>"; };
		A7000000000000000000000B /* Services */ = {isa = PBXGroup; children = (); path = Services; sourceTree = "<group>"; };
		A7000000000000000000000C /* Auth */ = {isa = PBXGroup; children = (); path = Auth; sourceTree = "<group>"; };
		A7000000000000000000000D /* Today */ = {isa = PBXGroup; children = (A20000000000000000000021 /* TodayView.swift */,); path = Today; sourceTree = "<group>"; };
		A7000000000000000000000E /* Program */ = {isa = PBXGroup; children = (A20000000000000000000022 /* ProgramView.swift */, G20000000000000000000001 /* ProgramCalendarState.swift */,); path = Program; sourceTree = "<group>"; };
		A7000000000000000000000F /* Exercises */ = {isa = PBXGroup; children = (K20000000000000000000001 /* ExercisePickerView.swift */,); path = Exercises; sourceTree = "<group>"; };
		A70000000000000000000010 /* Settings */ = {isa = PBXGroup; children = (A20000000000000000000023 /* SettingsView.swift */,); path = Settings; sourceTree = "<group>"; };
		A70000000000000000000011 /* Models */ = {isa = PBXGroup; children = (D20000000000000000000001 /* DomainModels.swift */, D20000000000000000000002 /* WorkoutRules.swift */,); path = Models; sourceTree = "<group>"; };
		A70000000000000000000012 /* UI */ = {isa = PBXGroup; children = (); path = UI; sourceTree = "<group>"; };
		A70000000000000000000013 /* Utilities */ = {isa = PBXGroup; children = (D20000000000000000000003 /* LocalDate.swift */, D20000000000000000000004 /* SetDisplayFormatter.swift */,); path = Utilities; sourceTree = "<group>"; };
		A70000000000000000000014 /* Repositories */ = {isa = PBXGroup; children = (H20000000000000000000001 /* WorkoutRepository.swift */,); path = Repositories; sourceTree = "<group>"; };
		A70000000000000000000015 /* Firebase */ = {isa = PBXGroup; children = (L20000000000000000000001 /* FirebaseBootstrap.swift */, N20000000000000000000001 /* FirestoreMapping.swift */,); path = Firebase; sourceTree = "<group>"; };
		A70000000000000000000016 /* Local */ = {isa = PBXGroup; children = (E20000000000000000000001 /* SystemExerciseCatalog.swift */, F20000000000000000000001 /* LocalExerciseLibrary.swift */, I20000000000000000000001 /* InMemoryWorkoutRepository.swift */, N20000000000000000000002 /* InMemoryUserDataRepositories.swift */,); path = Local; sourceTree = "<group>"; };
		A70000000000000000000003 /* GymChecklistTests */ = {isa = PBXGroup; children = (A20000000000000000000003 /* DomainRulesTests.swift */,); path = GymChecklistTests; sourceTree = "<group>"; };
		A70000000000000000000004 /* GymChecklistUITests */ = {isa = PBXGroup; children = (A20000000000000000000004 /* GymChecklistUITests.swift */,); path = GymChecklistUITests; sourceTree = "<group>"; };
		A70000000000000000000005 /* Frameworks */ = {isa = PBXGroup; children = (A20000000000000000000006 /* XCTest.framework */,); name = Frameworks; sourceTree = "<group>"; };
		A70000000000000000000006 /* Products */ = {isa = PBXGroup; children = (A20000000000000000000005 /* GymChecklist.app */, A20000000000000000000007 /* GymChecklistTests.xctest */, A20000000000000000000008 /* GymChecklistUITests.xctest */,); name = Products; sourceTree = "<group>"; };
/* End PBXGroup section */

/* Begin PBXNativeTarget section */
		A50000000000000000000001 /* GymChecklist */ = {isa = PBXNativeTarget; buildConfigurationList = A80000000000000000000002; buildPhases = (A90000000000000000000001 /* Sources */, A60000000000000000000001 /* Frameworks */, AA0000000000000000000001 /* Resources */,); buildRules = (); dependencies = (); name = GymChecklist; packageProductDependencies = (M20000000000000000000001 /* FirebaseCore */, M20000000000000000000002 /* FirebaseAuth */, M20000000000000000000003 /* FirebaseFirestore */,); productName = GymChecklist; productReference = A20000000000000000000005 /* GymChecklist.app */; productType = "com.apple.product-type.application"; };
		A50000000000000000000002 /* GymChecklistTests */ = {isa = PBXNativeTarget; buildConfigurationList = A80000000000000000000003; buildPhases = (A90000000000000000000002 /* Sources */, A60000000000000000000002 /* Frameworks */, AA0000000000000000000002 /* Resources */,); buildRules = (); dependencies = (AB0000000000000000000001 /* PBXTargetDependency */,); name = GymChecklistTests; productName = GymChecklistTests; productReference = A20000000000000000000007 /* GymChecklistTests.xctest */; productType = "com.apple.product-type.bundle.unit-test"; };
		A50000000000000000000003 /* GymChecklistUITests */ = {isa = PBXNativeTarget; buildConfigurationList = A80000000000000000000004; buildPhases = (A90000000000000000000003 /* Sources */, A60000000000000000000003 /* Frameworks */, AA0000000000000000000003 /* Resources */,); buildRules = (); dependencies = (AB0000000000000000000002 /* PBXTargetDependency */,); name = GymChecklistUITests; productName = GymChecklistUITests; productReference = A20000000000000000000008 /* GymChecklistUITests.xctest */; productType = "com.apple.product-type.bundle.ui-testing"; };
/* End PBXNativeTarget section */

/* Begin PBXProject section */
		A40000000000000000000001 /* Project object */ = {isa = PBXProject; attributes = {BuildIndependentTargetsInParallel = 1; LastSwiftUpdateCheck = 1600; LastUpgradeCheck = 1600; TargetAttributes = {A50000000000000000000001 = {CreatedOnToolsVersion = 16.0; }; A50000000000000000000002 = {CreatedOnToolsVersion = 16.0; TestTargetID = A50000000000000000000001; }; A50000000000000000000003 = {CreatedOnToolsVersion = 16.0; TestTargetID = A50000000000000000000001; };};}; buildConfigurationList = A80000000000000000000001; compatibilityVersion = "Xcode 14.0"; developmentRegion = en; hasScannedForEncodings = 0; knownRegions = (en, Base,); mainGroup = A70000000000000000000001; packageReferences = (M30000000000000000000001 /* XCRemoteSwiftPackageReference "firebase-ios-sdk" */,); productRefGroup = A70000000000000000000006 /* Products */; projectDirPath = ""; projectRoot = ""; targets = (A50000000000000000000001 /* GymChecklist */, A50000000000000000000002 /* GymChecklistTests */, A50000000000000000000003 /* GymChecklistUITests */,); };
/* End PBXProject section */

/* Begin PBXResourcesBuildPhase section */
		AA0000000000000000000001 = {isa = PBXResourcesBuildPhase; buildActionMask = 2147483647; files = (); runOnlyForDeploymentPostprocessing = 0; };
		AA0000000000000000000002 = {isa = PBXResourcesBuildPhase; buildActionMask = 2147483647; files = (); runOnlyForDeploymentPostprocessing = 0; };
		AA0000000000000000000003 = {isa = PBXResourcesBuildPhase; buildActionMask = 2147483647; files = (); runOnlyForDeploymentPostprocessing = 0; };
/* End PBXResourcesBuildPhase section */

/* Begin PBXSourcesBuildPhase section */
		A90000000000000000000001 /* Sources */ = {isa = PBXSourcesBuildPhase; buildActionMask = 2147483647; files = (A10000000000000000000001 /* GymChecklistApp.swift in Sources */, A10000000000000000000002 /* ContentView.swift in Sources */, A10000000000000000000007 /* TodayView.swift in Sources */, A10000000000000000000008 /* ProgramView.swift in Sources */, A10000000000000000000009 /* SettingsView.swift in Sources */, D10000000000000000000001 /* DomainModels.swift in Sources */, D10000000000000000000002 /* WorkoutRules.swift in Sources */, D10000000000000000000003 /* LocalDate.swift in Sources */, D10000000000000000000004 /* SetDisplayFormatter.swift in Sources */, E10000000000000000000001 /* SystemExerciseCatalog.swift in Sources */, F10000000000000000000001 /* LocalExerciseLibrary.swift in Sources */, G10000000000000000000001 /* ProgramCalendarState.swift in Sources */, H10000000000000000000001 /* WorkoutRepository.swift in Sources */, I10000000000000000000001 /* InMemoryWorkoutRepository.swift in Sources */, J10000000000000000000001 /* WorkoutViewModel.swift in Sources */, K10000000000000000000001 /* ExercisePickerView.swift in Sources */, L10000000000000000000001 /* FirebaseBootstrap.swift in Sources */, N10000000000000000000001 /* FirestoreMapping.swift in Sources */, N10000000000000000000002 /* InMemoryUserDataRepositories.swift in Sources */,); runOnlyForDeploymentPostprocessing = 0; };
		A90000000000000000000002 /* Sources */ = {isa = PBXSourcesBuildPhase; buildActionMask = 2147483647; files = (A10000000000000000000003 /* DomainRulesTests.swift in Sources */,); runOnlyForDeploymentPostprocessing = 0; };
		A90000000000000000000003 /* Sources */ = {isa = PBXSourcesBuildPhase; buildActionMask = 2147483647; files = (A10000000000000000000005 /* GymChecklistUITests.swift in Sources */,); runOnlyForDeploymentPostprocessing = 0; };
/* End PBXSourcesBuildPhase section */

/* Begin PBXTargetDependency section */
		AB0000000000000000000001 /* PBXTargetDependency */ = {isa = PBXTargetDependency; target = A50000000000000000000001 /* GymChecklist */; targetProxy = A30000000000000000000001; };
		AB0000000000000000000002 /* PBXTargetDependency */ = {isa = PBXTargetDependency; target = A50000000000000000000001 /* GymChecklist */; targetProxy = A30000000000000000000002; };
/* End PBXTargetDependency section */

/* Begin XCBuildConfiguration section */
		AC0000000000000000000001 = {isa = XCBuildConfiguration; buildSettings = {ALWAYS_SEARCH_USER_PATHS = NO; CLANG_ENABLE_MODULES = YES; CLANG_ENABLE_OBJC_ARC = YES; CLANG_WARN_BOOL_CONVERSION = YES; CLANG_WARN_CONSTANT_CONVERSION = YES; CLANG_WARN_UNREACHABLE_CODE = YES_AGGRESSIVE; COPY_PHASE_STRIP = NO; DEBUG_INFORMATION_FORMAT = dwarf; ENABLE_STRICT_OBJC_MSGSEND = YES; GCC_C_LANGUAGE_STANDARD = gnu17; GCC_NO_COMMON_BLOCKS = YES; GCC_OPTIMIZATION_LEVEL = 0; GCC_PREPROCESSOR_DEFINITIONS = ("DEBUG=1", "$(inherited)",); IPHONEOS_DEPLOYMENT_TARGET = 17.0; MTL_ENABLE_DEBUG_INFO = INCLUDE_SOURCE; ONLY_ACTIVE_ARCH = YES; SDKROOT = iphoneos; SWIFT_ACTIVE_COMPILATION_CONDITIONS = "DEBUG $(inherited)"; SWIFT_OPTIMIZATION_LEVEL = "-Onone"; }; name = Debug; };
		AC0000000000000000000002 = {isa = XCBuildConfiguration; buildSettings = {ALWAYS_SEARCH_USER_PATHS = NO; CLANG_ENABLE_MODULES = YES; CLANG_ENABLE_OBJC_ARC = YES; CLANG_WARN_BOOL_CONVERSION = YES; CLANG_WARN_CONSTANT_CONVERSION = YES; CLANG_WARN_UNREACHABLE_CODE = YES_AGGRESSIVE; COPY_PHASE_STRIP = NO; DEBUG_INFORMATION_FORMAT = "dwarf-with-dsym"; ENABLE_NS_ASSERTIONS = NO; ENABLE_STRICT_OBJC_MSGSEND = YES; GCC_C_LANGUAGE_STANDARD = gnu17; GCC_NO_COMMON_BLOCKS = YES; IPHONEOS_DEPLOYMENT_TARGET = 17.0; MTL_ENABLE_DEBUG_INFO = NO; SDKROOT = iphoneos; SWIFT_COMPILATION_MODE = wholemodule; VALIDATE_PRODUCT = YES; }; name = Release; };
		AC0000000000000000000003 = {isa = XCBuildConfiguration; buildSettings = {ASSETCATALOG_COMPILER_GENERATE_SWIFT_ASSET_SYMBOL_EXTENSIONS = YES; CODE_SIGN_STYLE = Automatic; CURRENT_PROJECT_VERSION = 1; ENABLE_PREVIEWS = YES; ENABLE_TESTABILITY = YES; GENERATE_INFOPLIST_FILE = YES; INFOPLIST_KEY_CFBundleDisplayName = "Gym Checklist"; INFOPLIST_KEY_LSApplicationCategoryType = "public.app-category.healthcare-fitness"; INFOPLIST_KEY_UIApplicationSceneManifest_Generation = YES; INFOPLIST_KEY_UIApplicationSupportsIndirectInputEvents = YES; INFOPLIST_KEY_UILaunchScreen_Generation = YES; INFOPLIST_KEY_UISupportedInterfaceOrientations_iPhone = UIInterfaceOrientationPortrait; IPHONEOS_DEPLOYMENT_TARGET = 17.0; MARKETING_VERSION = 1.0; PRODUCT_BUNDLE_IDENTIFIER = dev.akrasnoslov.GymChecklist; PRODUCT_NAME = "$(TARGET_NAME)"; SUPPORTED_PLATFORMS = "iphoneos iphonesimulator"; SUPPORTS_MACCATALYST = NO; SWIFT_EMIT_LOC_STRINGS = YES; SWIFT_VERSION = 5.0; TARGETED_DEVICE_FAMILY = 1; }; name = Debug; };
		AC0000000000000000000004 = {isa = XCBuildConfiguration; buildSettings = {ASSETCATALOG_COMPILER_GENERATE_SWIFT_ASSET_SYMBOL_EXTENSIONS = YES; CODE_SIGN_STYLE = Automatic; CURRENT_PROJECT_VERSION = 1; ENABLE_PREVIEWS = YES; GENERATE_INFOPLIST_FILE = YES; INFOPLIST_KEY_CFBundleDisplayName = "Gym Checklist"; INFOPLIST_KEY_LSApplicationCategoryType = "public.app-category.healthcare-fitness"; INFOPLIST_KEY_UIApplicationSceneManifest_Generation = YES; INFOPLIST_KEY_UIApplicationSupportsIndirectInputEvents = YES; INFOPLIST_KEY_UILaunchScreen_Generation = YES; INFOPLIST_KEY_UISupportedInterfaceOrientations_iPhone = UIInterfaceOrientationPortrait; IPHONEOS_DEPLOYMENT_TARGET = 17.0; MARKETING_VERSION = 1.0; PRODUCT_BUNDLE_IDENTIFIER = dev.akrasnoslov.GymChecklist; PRODUCT_NAME = "$(TARGET_NAME)"; SUPPORTED_PLATFORMS = "iphoneos iphonesimulator"; SUPPORTS_MACCATALYST = NO; SWIFT_EMIT_LOC_STRINGS = YES; SWIFT_VERSION = 5.0; TARGETED_DEVICE_FAMILY = 1; }; name = Release; };
		AC0000000000000000000005 = {isa = XCBuildConfiguration; buildSettings = {BUNDLE_LOADER = "$(TEST_HOST)"; CODE_SIGN_STYLE = Automatic; GENERATE_INFOPLIST_FILE = YES; IPHONEOS_DEPLOYMENT_TARGET = 17.0; PRODUCT_BUNDLE_IDENTIFIER = dev.akrasnoslov.GymChecklistTests; PRODUCT_NAME = "$(TARGET_NAME)"; SWIFT_VERSION = 5.0; TARGETED_DEVICE_FAMILY = 1; TEST_HOST = "$(BUILT_PRODUCTS_DIR)/GymChecklist.app/$(BUNDLE_EXECUTABLE_FOLDER_PATH)/GymChecklist"; }; name = Debug; };
		AC0000000000000000000006 = {isa = XCBuildConfiguration; buildSettings = {BUNDLE_LOADER = "$(TEST_HOST)"; CODE_SIGN_STYLE = Automatic; GENERATE_INFOPLIST_FILE = YES; IPHONEOS_DEPLOYMENT_TARGET = 17.0; PRODUCT_BUNDLE_IDENTIFIER = dev.akrasnoslov.GymChecklistTests; PRODUCT_NAME = "$(TARGET_NAME)"; SWIFT_VERSION = 5.0; TARGETED_DEVICE_FAMILY = 1; TEST_HOST = "$(BUILT_PRODUCTS_DIR)/GymChecklist.app/$(BUNDLE_EXECUTABLE_FOLDER_PATH)/GymChecklist"; }; name = Release; };
		AC0000000000000000000007 = {isa = XCBuildConfiguration; buildSettings = {CODE_SIGN_STYLE = Automatic; GENERATE_INFOPLIST_FILE = YES; IPHONEOS_DEPLOYMENT_TARGET = 17.0; PRODUCT_BUNDLE_IDENTIFIER = dev.akrasnoslov.GymChecklistUITests; PRODUCT_NAME = "$(TARGET_NAME)"; SWIFT_VERSION = 5.0; TARGETED_DEVICE_FAMILY = 1; TEST_TARGET_NAME = GymChecklist; }; name = Debug; };
		AC0000000000000000000008 = {isa = XCBuildConfiguration; buildSettings = {CODE_SIGN_STYLE = Automatic; GENERATE_INFOPLIST_FILE = YES; IPHONEOS_DEPLOYMENT_TARGET = 17.0; PRODUCT_BUNDLE_IDENTIFIER = dev.akrasnoslov.GymChecklistUITests; PRODUCT_NAME = "$(TARGET_NAME)"; SWIFT_VERSION = 5.0; TARGETED_DEVICE_FAMILY = 1; TEST_TARGET_NAME = GymChecklist; }; name = Release; };
/* End XCBuildConfiguration section */

/* Begin XCConfigurationList section */
		A80000000000000000000001 = {isa = XCConfigurationList; buildConfigurations = (AC0000000000000000000001 /* Debug */, AC0000000000000000000002 /* Release */,); defaultConfigurationIsVisible = 0; defaultConfigurationName = Release; };
		A80000000000000000000002 = {isa = XCConfigurationList; buildConfigurations = (AC0000000000000000000003 /* Debug */, AC0000000000000000000004 /* Release */,); defaultConfigurationIsVisible = 0; defaultConfigurationName = Release; };
		A80000000000000000000003 = {isa = XCConfigurationList; buildConfigurations = (AC0000000000000000000005 /* Debug */, AC0000000000000000000006 /* Release */,); defaultConfigurationIsVisible = 0; defaultConfigurationName = Release; };
		A80000000000000000000004 = {isa = XCConfigurationList; buildConfigurations = (AC0000000000000000000007 /* Debug */, AC0000000000000000000008 /* Release */,); defaultConfigurationIsVisible = 0; defaultConfigurationName = Release; };
/* End XCConfigurationList section */

/* Begin XCRemoteSwiftPackageReference section */
		M30000000000000000000001 /* XCRemoteSwiftPackageReference "firebase-ios-sdk" */ = {isa = XCRemoteSwiftPackageReference; repositoryURL = "https://github.com/firebase/firebase-ios-sdk.git"; requirement = { kind = exactVersion; version = 11.15.0; }; };
/* End XCRemoteSwiftPackageReference section */

/* Begin XCSwiftPackageProductDependency section */
		M20000000000000000000001 /* FirebaseCore */ = {isa = XCSwiftPackageProductDependency; package = M30000000000000000000001 /* XCRemoteSwiftPackageReference "firebase-ios-sdk" */; productName = FirebaseCore; };
		M20000000000000000000002 /* FirebaseAuth */ = {isa = XCSwiftPackageProductDependency; package = M30000000000000000000001 /* XCRemoteSwiftPackageReference "firebase-ios-sdk" */; productName = FirebaseAuth; };
		M20000000000000000000003 /* FirebaseFirestore */ = {isa = XCSwiftPackageProductDependency; package = M30000000000000000000001 /* XCRemoteSwiftPackageReference "firebase-ios-sdk" */; productName = FirebaseFirestore; };
/* End XCSwiftPackageProductDependency section */
	};
	rootObject = A40000000000000000000001 /* Project object */;
}
